// !$*UTF8*$!
{
	archiveVersion = 1;
	classes = {
	};
	objectVersion = 46;
	objects = {

/* Begin PBXBuildFile section */
		1088951C19425F0E002DF360 /* Score.cpp in Sources */ = {isa = PBXBuildFile; fileRef = 1088951B19425F0E002DF360 /* Score.cpp */; };
		8E010AF81940BBA20038B015 /* Mac-Assets.mm in Sources */ = {isa = PBXBuildFile; fileRef = 8E010AF71940BBA20038B015 /* Mac-Assets.mm */; };
		8EE36D9A1925B9AB00E033F5 /* Assets in Resources */ = {isa = PBXBuildFile; fileRef = 8EE36D991925B9AB00E033F5 /* Assets */; };
		8EE36DA41925C17D00E033F5 /* main.cpp in Sources */ = {isa = PBXBuildFile; fileRef = 8EE36DA31925C17D00E033F5 /* main.cpp */; };
		8EE36DA61925C57500E033F5 /* CoreFoundation.framework in Frameworks */ = {isa = PBXBuildFile; fileRef = 8EE36DA51925C57500E033F5 /* CoreFoundation.framework */; };
		8EFFFA7E1925EC990088D87F /* Game.cpp in Sources */ = {isa = PBXBuildFile; fileRef = 8EFFFA7C1925EC990088D87F /* Game.cpp */; };
		8EFFFA811925ECA10088D87F /* Pipes.cpp in Sources */ = {isa = PBXBuildFile; fileRef = 8EFFFA7F1925ECA10088D87F /* Pipes.cpp */; };
		8EFFFA841925ECA90088D87F /* Bird.cpp in Sources */ = {isa = PBXBuildFile; fileRef = 8EFFFA821925ECA90088D87F /* Bird.cpp */; };
/* End PBXBuildFile section */

/* Begin PBXFileReference section */
		1088951B19425F0E002DF360 /* Score.cpp */ = {isa = PBXFileReference; fileEncoding = 4; lastKnownFileType = sourcecode.cpp.cpp; name = Score.cpp; path = Source/Score.cpp; sourceTree = "<group>"; };
		1088951D19425F1D002DF360 /* Score.h */ = {isa = PBXFileReference; lastKnownFileType = sourcecode.c.h; name = Score.h; path = Source/Score.h; sourceTree = "<group>"; };
		8E010AF71940BBA20038B015 /* Mac-Assets.mm */ = {isa = PBXFileReference; fileEncoding = 4; lastKnownFileType = sourcecode.cpp.objcpp; name = "Mac-Assets.mm"; path = "Source/Mac-Assets.mm"; sourceTree = "<group>"; };
		8EE36D991925B9AB00E033F5 /* Assets */ = {isa = PBXFileReference; lastKnownFileType = folder; path = Assets; sourceTree = "<group>"; };
		8EE36DA21925C17D00E033F5 /* Assets.h */ = {isa = PBXFileReference; fileEncoding = 4; lastKnownFileType = sourcecode.c.h; name = Assets.h; path = Source/Assets.h; sourceTree = "<group>"; };
		8EE36DA31925C17D00E033F5 /* main.cpp */ = {isa = PBXFileReference; fileEncoding = 4; lastKnownFileType = sourcecode.cpp.cpp; name = main.cpp; path = Source/main.cpp; sourceTree = "<group>"; };
		8EE36DA51925C57500E033F5 /* CoreFoundation.framework */ = {isa = PBXFileReference; lastKnownFileType = wrapper.framework; name = CoreFoundation.framework; path = System/Library/Frameworks/CoreFoundation.framework; sourceTree = SDKROOT; };
		8EFFFA7C1925EC990088D87F /* Game.cpp */ = {isa = PBXFileReference; fileEncoding = 4; lastKnownFileType = sourcecode.cpp.cpp; name = Game.cpp; path = Source/Game.cpp; sourceTree = "<group>"; };
		8EFFFA7D1925EC990088D87F /* Game.h */ = {isa = PBXFileReference; fileEncoding = 4; lastKnownFileType = sourcecode.c.h; name = Game.h; path = Source/Game.h; sourceTree = "<group>"; };
		8EFFFA7F1925ECA10088D87F /* Pipes.cpp */ = {isa = PBXFileReference; fileEncoding = 4; lastKnownFileType = sourcecode.cpp.cpp; name = Pipes.cpp; path = Source/Pipes.cpp; sourceTree = "<group>"; };
		8EFFFA801925ECA10088D87F /* Pipes.h */ = {isa = PBXFileReference; fileEncoding = 4; lastKnownFileType = sourcecode.c.h; name = Pipes.h; path = Source/Pipes.h; sourceTree = "<group>"; };
		8EFFFA821925ECA90088D87F /* Bird.cpp */ = {isa = PBXFileReference; fileEncoding = 4; lastKnownFileType = sourcecode.cpp.cpp; name = Bird.cpp; path = Source/Bird.cpp; sourceTree = "<group>"; };
		8EFFFA831925ECA90088D87F /* Bird.h */ = {isa = PBXFileReference; fileEncoding = 4; lastKnownFileType = sourcecode.c.h; name = Bird.h; path = Source/Bird.h; sourceTree = "<group>"; };
		8EFFFA851925ECFF0088D87F /* Constants.h */ = {isa = PBXFileReference; lastKnownFileType = sourcecode.c.h; name = Constants.h; path = Source/Constants.h; sourceTree = "<group>"; };
		D275947019105B1A003FF1E9 /* Flappy Bird.app */ = {isa = PBXFileReference; explicitFileType = wrapper.application; includeInIndex = 0; path = "Flappy Bird.app"; sourceTree = BUILT_PRODUCTS_DIR; };
/* End PBXFileReference section */

/* Begin PBXFrameworksBuildPhase section */
		D275946C19105B1A003FF1E9 /* Frameworks */ = {
			isa = PBXFrameworksBuildPhase;
			buildActionMask = 2147483647;
			files = (
				8EE36DA61925C57500E033F5 /* CoreFoundation.framework in Frameworks */,
			);
			runOnlyForDeploymentPostprocessing = 0;
		};
/* End PBXFrameworksBuildPhase section */

/* Begin PBXGroup section */
		D275946619105B1A003FF1E9 = {
			isa = PBXGroup;
			children = (
				8EE36DA51925C57500E033F5 /* CoreFoundation.framework */,
				8EE36DA21925C17D00E033F5 /* Assets.h */,
				8EFFFA821925ECA90088D87F /* Bird.cpp */,
				8EFFFA831925ECA90088D87F /* Bird.h */,
				8EFFFA851925ECFF0088D87F /* Constants.h */,
				8EFFFA7C1925EC990088D87F /* Game.cpp */,
				8EFFFA7D1925EC990088D87F /* Game.h */,
				8E010AF71940BBA20038B015 /* Mac-Assets.mm */,
				8EE36DA31925C17D00E033F5 /* main.cpp */,
				8EFFFA7F1925ECA10088D87F /* Pipes.cpp */,
				8EFFFA801925ECA10088D87F /* Pipes.h */,
				1088951B19425F0E002DF360 /* Score.cpp */,
				1088951D19425F1D002DF360 /* Score.h */,
				8EE36D991925B9AB00E033F5 /* Assets */,
				D275947119105B1A003FF1E9 /* Products */,
			);
			sourceTree = "<group>";
		};
		D275947119105B1A003FF1E9 /* Products */ = {
			isa = PBXGroup;
			children = (
				D275947019105B1A003FF1E9 /* Flappy Bird.app */,
			);
			name = Products;
			sourceTree = "<group>";
		};
/* End PBXGroup section */

/* Begin PBXNativeTarget section */
		D275946F19105B1A003FF1E9 /* Flappy Bird */ = {
			isa = PBXNativeTarget;
			buildConfigurationList = D275948519105B1A003FF1E9 /* Build configuration list for PBXNativeTarget "Flappy Bird" */;
			buildPhases = (
				D275946B19105B1A003FF1E9 /* Sources */,
				D275946C19105B1A003FF1E9 /* Frameworks */,
				D275946D19105B1A003FF1E9 /* Resources */,
				D275946E19105B1A003FF1E9 /* ShellScript */,
			);
			buildRules = (
			);
			dependencies = (
			);
			name = "Flappy Bird";
			productName = "Flappy Bird";
			productReference = D275947019105B1A003FF1E9 /* Flappy Bird.app */;
			productType = "com.apple.product-type.application";
		};
/* End PBXNativeTarget section */

/* Begin PBXProject section */
		D275946719105B1A003FF1E9 /* Project object */ = {
			isa = PBXProject;
			attributes = {
				LastUpgradeCheck = 0510;
				ORGANIZATIONNAME = "Developers' Guild";
				TargetAttributes = {
					D275946F19105B1A003FF1E9 = {
						SystemCapabilities = {
							com.apple.Sandbox = {
								enabled = 0;
							};
						};
					};
				};
			};
			buildConfigurationList = D275946A19105B1A003FF1E9 /* Build configuration list for PBXProject "Mac Project" */;
			compatibilityVersion = "Xcode 3.2";
			developmentRegion = English;
			hasScannedForEncodings = 0;
			knownRegions = (
				en,
			);
			mainGroup = D275946619105B1A003FF1E9;
			productRefGroup = D275947119105B1A003FF1E9 /* Products */;
			projectDirPath = "";
			projectRoot = "";
			targets = (
				D275946F19105B1A003FF1E9 /* Flappy Bird */,
			);
		};
/* End PBXProject section */

/* Begin PBXResourcesBuildPhase section */
		D275946D19105B1A003FF1E9 /* Resources */ = {
			isa = PBXResourcesBuildPhase;
			buildActionMask = 2147483647;
			files = (
				8EE36D9A1925B9AB00E033F5 /* Assets in Resources */,
			);
			runOnlyForDeploymentPostprocessing = 0;
		};
/* End PBXResourcesBuildPhase section */

/* Begin PBXShellScriptBuildPhase section */
		D275946E19105B1A003FF1E9 /* ShellScript */ = {
			isa = PBXShellScriptBuildPhase;
			buildActionMask = 2147483647;
			files = (
			);
			inputPaths = (
			);
			outputPaths = (
			);
			runOnlyForDeploymentPostprocessing = 0;
			shellPath = /bin/sh;
			shellScript = "# This shell script simply copies required sfml dylibs/frameworks into the application bundle frameworks folder.\n# If you're using static libraries (which is not recommended) you should remove this script from your project.\n\n# Are we building a project that uses framework or dylibs ?\ncase \"$SFML_BINARY_TYPE\" in\n    DYLIBS)\n        frameworks=\"false\"\n        ;;\n    *)\n        frameworks=\"true\"\n        ;;\nesac\n\n# Echoes to stderr\nerror () # $* message to display\n{\n    echo $* 1>&2\n    exit 2\n}\n\nassert () # $1 is a boolean, $2...N is an error message\n{\n    if [ $# -lt 2 ]\n    then\n        error \"Internal error in assert : not enough args\"\n    fi\n\n    if [ $1 -ne 0 ]\n    then\n        shift\n        error \"$*\"\n    fi\n}\n\nforce_remove () # $1 is a path\n{\n    test $# -eq 1\n    assert $? \"force_remove() requires one parameter\"\n    rm -fr \"$1\"\n    assert $? \"couldn't remove $1\"\n}\n\ncopy () # $1 is a source, $2 is a destination\n{\n    test $# -eq 2\n    assert $? \"copy() requires two parameters\"\n    ditto \"$1\" \"$2\"\n    assert $? \"couldn't copy $1 to $2\"\n}\n\nrequire () # $1 is a SFML module like 'system' or 'audio'\n{\n    dest=\"$BUILT_PRODUCTS_DIR/$PRODUCT_NAME.app/Contents/Frameworks\"\n    \n    if [ -z \"$1\" ]\n    then\n        error \"require() requires one parameter!\"\n    else\n        # clean potentially old stuff\n        force_remove \"$dest/libsfml-$1.2.dylib\"\n        force_remove \"$dest/libsfml-$1-d.2.dylib\"\n        force_remove \"$dest/sfml-$1.framework\"\n    \n        # copy SFML libraries\n        if [ \"$frameworks\" = \"true\" ]\n        then\n            copy \"/Library/Frameworks/sfml-$1.framework\" \"$dest/sfml-$1.framework\"\n        elif [ $CONFIGURATION = \"Debug\" ] && [ $SFML_LINK_DYLIBS_SUFFIX_DEBUG != \"\" ]\n        then\n            copy \"/usr/local/lib/libsfml-$1-d.2.dylib\" \"$dest/libsfml-$1-d.2.dylib\"\n        else\n            copy \"/usr/local/lib/libsfml-$1.2.dylib\" \"$dest/libsfml-$1.2.dylib\"\n        fi\n        \n        if [ \"$1\" = \"audio\" ]\n        then\n            # copy sndfile framework too\n            copy \"/Library/Frameworks/sndfile.framework\" \"$dest/sndfile.framework\"\n        fi\n\n        if [ \"$1\" = \"graphics\" ]\n        then\n            # copy freetype framework too\n            copy \"/Library/Frameworks/freetype.framework\" \"$dest/freetype.framework\"\n        fi\n    fi\n}\n\nif [ -n \"$SFML_SYSTEM\" ]\nthen\n    require \"system\"\nfi\n\nif [ -n \"$SFML_AUDIO\" ]\nthen\n    require \"audio\"\nfi\n\nif [ -n \"$SFML_NETWORK\" ]\nthen\n    require \"network\"\nfi\n\nif [ -n \"$SFML_WINDOW\" ]\nthen\n    require \"window\"\nfi\n\nif [ -n \"$SFML_GRAPHICS\" ]\nthen\n    require \"graphics\"\nfi\n\n                ";
		};
/* End PBXShellScriptBuildPhase section */

/* Begin PBXSourcesBuildPhase section */
		D275946B19105B1A003FF1E9 /* Sources */ = {
			isa = PBXSourcesBuildPhase;
			buildActionMask = 2147483647;
			files = (
				1088951C19425F0E002DF360 /* Score.cpp in Sources */,
				8E010AF81940BBA20038B015 /* Mac-Assets.mm in Sources */,
				8EFFFA7E1925EC990088D87F /* Game.cpp in Sources */,
				8EE36DA41925C17D00E033F5 /* main.cpp in Sources */,
				8EFFFA811925ECA10088D87F /* Pipes.cpp in Sources */,
				8EFFFA841925ECA90088D87F /* Bird.cpp in Sources */,
			);
			runOnlyForDeploymentPostprocessing = 0;
		};
/* End PBXSourcesBuildPhase section */

/* Begin XCBuildConfiguration section */
		D275948319105B1A003FF1E9 /* Debug */ = {
			isa = XCBuildConfiguration;
			buildSettings = {
				ARCHS = "$(ARCHS_STANDARD_32_64_BIT)";
				CLANG_CXX_LANGUAGE_STANDARD = "c++0x";
				CLANG_CXX_LIBRARY = "libc++";
				CLANG_WARN_EMPTY_BODY = YES;
				CLANG_WARN__DUPLICATE_METHOD_MATCH = YES;
				FRAMEWORK_SEARCH_PATHS = (
					/Library/Frameworks/,
					"$(inherited)",
				);
				GCC_OPTIMIZATION_LEVEL = 0;
				GCC_PREPROCESSOR_DEFINITIONS = (
					"DEBUG=1",
					"$(inherited)",
				);
				GCC_VERSION = com.apple.compilers.llvm.clang.1_0;
				GCC_WARN_ABOUT_RETURN_TYPE = YES;
				GCC_WARN_UNINITIALIZED_AUTOS = YES;
				GCC_WARN_UNUSED_VARIABLE = YES;
				HEADER_SEARCH_PATHS = (
					/usr/local/include/,
					"$(inherited)",
				);
				LIBRARY_SEARCH_PATHS = (
					/usr/local/lib/,
					"$(inherited)",
				);
				ONLY_ACTIVE_ARCH = NO;
				OTHER_LDFLAGS = (
					"$(inherited)",
					"$(SFML_SYSTEM)",
					"$(SFML_WINDOW)",
					"$(SFML_GRAPHICS)",
					"$(SFML_AUDIO)",
					"$(SFML_NETWORK)",
				);
				SFML_AUDIO = "$(SFML_LINK_PREFIX)sfml-audio$(SFML_LINK_SUFFIX)";
				SFML_BINARY_TYPE = FRAMEWORKS;
				SFML_GRAPHICS = "$(SFML_LINK_PREFIX)sfml-graphics$(SFML_LINK_SUFFIX)";
				SFML_LINK_DYLIBS_PREFIX = "-l";
				SFML_LINK_DYLIBS_SUFFIX = "";
				SFML_LINK_FRAMEWORKS_PREFIX = "-framework ";
				SFML_LINK_FRAMEWORKS_SUFFIX = "";
				SFML_LINK_PREFIX = "$(SFML_LINK_$(SFML_BINARY_TYPE)_PREFIX)";
				SFML_LINK_SUFFIX = "$(SFML_LINK_$(SFML_BINARY_TYPE)_SUFFIX)";
				SFML_NETWORK = "";
				SFML_SYSTEM = "$(SFML_LINK_PREFIX)sfml-system$(SFML_LINK_SUFFIX)";
				SFML_WINDOW = "$(SFML_LINK_PREFIX)sfml-window$(SFML_LINK_SUFFIX)";
				SUPPORTED_PLATFORMS = macosx;
			};
			name = Debug;
		};
		D275948419105B1A003FF1E9 /* Release */ = {
			isa = XCBuildConfiguration;
			buildSettings = {
				ARCHS = "$(ARCHS_STANDARD_32_64_BIT)";
				CLANG_CXX_LANGUAGE_STANDARD = "c++0x";
				CLANG_CXX_LIBRARY = "libc++";
				CLANG_WARN_EMPTY_BODY = YES;
				CLANG_WARN__DUPLICATE_METHOD_MATCH = YES;
				COPY_PHASE_STRIP = YES;
				FRAMEWORK_SEARCH_PATHS = (
					/Library/Frameworks/,
					"$(inherited)",
				);
				GCC_VERSION = com.apple.compilers.llvm.clang.1_0;
				GCC_WARN_ABOUT_RETURN_TYPE = YES;
				GCC_WARN_UNINITIALIZED_AUTOS = YES;
				GCC_WARN_UNUSED_VARIABLE = YES;
				HEADER_SEARCH_PATHS = (
					/usr/local/include/,
					"$(inherited)",
				);
				LIBRARY_SEARCH_PATHS = (
					/usr/local/lib/,
					"$(inherited)",
				);
				ONLY_ACTIVE_ARCH = NO;
				OTHER_LDFLAGS = (
					"$(inherited)",
					"$(SFML_SYSTEM)",
					"$(SFML_WINDOW)",
					"$(SFML_GRAPHICS)",
					"$(SFML_AUDIO)",
					"$(SFML_NETWORK)",
				);
				SFML_AUDIO = "$(SFML_LINK_PREFIX)sfml-audio$(SFML_LINK_SUFFIX)";
				SFML_BINARY_TYPE = FRAMEWORKS;
				SFML_GRAPHICS = "$(SFML_LINK_PREFIX)sfml-graphics$(SFML_LINK_SUFFIX)";
				SFML_LINK_DYLIBS_PREFIX = "-l";
				SFML_LINK_DYLIBS_SUFFIX = "";
				SFML_LINK_FRAMEWORKS_PREFIX = "-framework ";
				SFML_LINK_FRAMEWORKS_SUFFIX = "";
				SFML_LINK_PREFIX = "$(SFML_LINK_$(SFML_BINARY_TYPE)_PREFIX)";
				SFML_LINK_SUFFIX = "$(SFML_LINK_$(SFML_BINARY_TYPE)_SUFFIX)";
				SFML_NETWORK = "";
				SFML_SYSTEM = "$(SFML_LINK_PREFIX)sfml-system$(SFML_LINK_SUFFIX)";
				SFML_WINDOW = "$(SFML_LINK_PREFIX)sfml-window$(SFML_LINK_SUFFIX)";
				SUPPORTED_PLATFORMS = macosx;
			};
			name = Release;
		};
		D275948619105B1A003FF1E9 /* Debug */ = {
			isa = XCBuildConfiguration;
			buildSettings = {
				INFOPLIST_FILE = "Mac Project.xcodeproj/Flappy Bird-Info.plist";
				PRODUCT_NAME = "$(TARGET_NAME)";
				SFML_AUDIO = "$(SFML_LINK_PREFIX) sfml-audio$(SFML_LINK_SUFFIX)";
				SFML_GRAPHICS = "$(SFML_LINK_PREFIX) sfml-graphics$(SFML_LINK_SUFFIX)";
				SFML_SYSTEM = "$(SFML_LINK_PREFIX) sfml-system$(SFML_LINK_SUFFIX)";
				SFML_WINDOW = "$(SFML_LINK_PREFIX) sfml-window$(SFML_LINK_SUFFIX)";
			};
			name = Debug;
		};
		D275948719105B1A003FF1E9 /* Release */ = {
			isa = XCBuildConfiguration;
			buildSettings = {
				INFOPLIST_FILE = "Mac Project.xcodeproj/Flappy Bird-Info.plist";
				PRODUCT_NAME = "$(TARGET_NAME)";
				SFML_AUDIO = "$(SFML_LINK_PREFIX) sfml-audio$(SFML_LINK_SUFFIX)";
				SFML_GRAPHICS = "$(SFML_LINK_PREFIX) sfml-graphics$(SFML_LINK_SUFFIX)";
				SFML_SYSTEM = "$(SFML_LINK_PREFIX) sfml-system$(SFML_LINK_SUFFIX)";
				SFML_WINDOW = "$(SFML_LINK_PREFIX) sfml-window$(SFML_LINK_SUFFIX)";
			};
			name = Release;
		};
/* End XCBuildConfiguration section */

/* Begin XCConfigurationList section */
		D275946A19105B1A003FF1E9 /* Build configuration list for PBXProject "Mac Project" */ = {
			isa = XCConfigurationList;
			buildConfigurations = (
				D275948319105B1A003FF1E9 /* Debug */,
				D275948419105B1A003FF1E9 /* Release */,
			);
			defaultConfigurationIsVisible = 0;
			defaultConfigurationName = Release;
		};
		D275948519105B1A003FF1E9 /* Build configuration list for PBXNativeTarget "Flappy Bird" */ = {
			isa = XCConfigurationList;
			buildConfigurations = (
				D275948619105B1A003FF1E9 /* Debug */,
				D275948719105B1A003FF1E9 /* Release */,
			);
			defaultConfigurationIsVisible = 0;
			defaultConfigurationName = Release;
		};
/* End XCConfigurationList section */
	};
	rootObject = D275946719105B1A003FF1E9 /* Project object */;
}
